
Microsoft Visual Studio Solution File, Format Version 12.00
# Visual Studio 2012
Project("{FAE04EC0-301F-11D3-BF4B-00C04F79EFBC}") = "Chess_Application", "Chess_Application\Chess_Application.csproj", "{0E364AF0-1C4B-44E2-AA9C-0D3C823BD4DD}"
EndProject
Global
	GlobalSection(SolutionConfigurationPlatforms) = preSolution
		Debug|Any CPU = Debug|Any CPU
		Release|Any CPU = Release|Any CPU
	EndGlobalSection
	GlobalSection(ProjectConfigurationPlatforms) = postSolution
		{0E364AF0-1C4B-44E2-AA9C-0D3C823BD4DD}.Debug|Any CPU.ActiveCfg = Debug|Any CPU
		{0E364AF0-1C4B-44E2-AA9C-0D3C823BD4DD}.Debug|Any CPU.Build.0 = Debug|Any CPU
		{0E364AF0-1C4B-44E2-AA9C-0D3C823BD4DD}.Release|Any CPU.ActiveCfg = Release|Any CPU
		{0E364AF0-1C4B-44E2-AA9C-0D3C823BD4DD}.Release|Any CPU.Build.0 = Release|Any CPU
	EndGlobalSection
	GlobalSection(SolutionProperties) = preSolution
		HideSolutionNode = FALSE
	EndGlobalSection
EndGlobal
